
Microsoft Visual Studio Solution File, Format Version 12.00
# Visual Studio Version 17
VisualStudioVersion = 17.6.33815.320
MinimumVisualStudioVersion = 10.0.40219.1
Project("{FAE04EC0-301F-11D3-BF4B-00C04F79EFBC}") = "Practical_20", "Practical_20\Practical_20.csproj", "{4E9C9296-A1CE-423D-B3AA-0B8355091242}"
EndProject
Global
	GlobalSection(SolutionConfigurationPlatforms) = preSolution
		Debug|Any CPU = Debug|Any CPU
		Release|Any CPU = Release|Any CPU
	EndGlobalSection
	GlobalSection(ProjectConfigurationPlatforms) = postSolution
		{4E9C9296-A1CE-423D-B3AA-0B8355091242}.Debug|Any CPU.ActiveCfg = Debug|Any CPU
		{4E9C9296-A1CE-423D-B3AA-0B8355091242}.Debug|Any CPU.Build.0 = Debug|Any CPU
		{4E9C9296-A1CE-423D-B3AA-0B8355091242}.Release|Any CPU.ActiveCfg = Release|Any CPU
		{4E9C9296-A1CE-423D-B3AA-0B8355091242}.Release|Any CPU.Build.0 = Release|Any CPU
	EndGlobalSection
	GlobalSection(SolutionProperties) = preSolution
		HideSolutionNode = FALSE
	EndGlobalSection
	GlobalSection(ExtensibilityGlobals) = postSolution
		SolutionGuid = {12CA7091-BDA0-43BA-B95C-C3173E386B81}
	EndGlobalSection
EndGlobal
